# THIS IS AN AUTOGENERATED FILE. DO NOT EDIT THIS FILE DIRECTLY.
# yarn lockfile v1


benchmark@^2.1.4:
  version "2.1.4"
  resolved "https://registry.yarnpkg.com/benchmark/-/benchmark-2.1.4.tgz#09f3de31c916425d498cc2ee565a0ebf3c2a5629"
  dependencies:
    lodash "^4.17.4"
    platform "^1.3.3"

complex.js@2.0.1:
  version "2.0.1"
  resolved "https://registry.yarnpkg.com/complex.js/-/complex.js-2.0.1.tgz#ea90c7a05aeceaf3a376d2c0f6a78421727d6879"

decimal.js@7.1.1:
  version "7.1.1"
  resolved "https://registry.yarnpkg.com/decimal.js/-/decimal.js-7.1.1.tgz#1adcad7d70d7a91c426d756f1eb6566c3be6cbcf"

fraction.js@4.0.0:
  version "4.0.0"
  resolved "https://registry.yarnpkg.com/fraction.js/-/fraction.js-4.0.0.tgz#73974e2f8b51ef709536d624cc90782e2bb61274"

jstat@^1.5.3:
  version "1.5.3"
  resolved "https://registry.yarnpkg.com/jstat/-/jstat-1.5.3.tgz#b01f34d450afe64b1e0b686cdae0f79d4d7bc4d2"

lodash@^4.17.4:
  version "4.17.4"
  resolved "https://registry.yarnpkg.com/lodash/-/lodash-4.17.4.tgz#78203a4d1c328ae1d86dca6460e369b57f4055ae"

markdown-table@^1.1.0:
  version "1.1.0"
  resolved "https://registry.yarnpkg.com/markdown-table/-/markdown-table-1.1.0.tgz#1f5ae61659ced8808d882554c32e8b3f38dd1143"

mathjs@^3.11.4:
  version "3.11.4"
  resolved "https://registry.yarnpkg.com/mathjs/-/mathjs-3.11.4.tgz#2d8ff2137d9fcd2a2ab34f140489766e1f5239ea"
  dependencies:
    complex.js "2.0.1"
    decimal.js "7.1.1"
    fraction.js "4.0.0"
    seed-random "2.2.0"
    tiny-emitter "1.0.2"
    typed-function "0.10.5"

platform@^1.3.3:
  version "1.3.4"
  resolved "https://registry.yarnpkg.com/platform/-/platform-1.3.4.tgz#6f0fb17edaaa48f21442b3a975c063130f1c3ebd"

science@^1.9.3:
  version "1.9.3"
  resolved "https://registry.yarnpkg.com/science/-/science-1.9.3.tgz#ec89bac44aeff2e5a2d749aa496f377089903dd4"

seed-random@2.2.0:
  version "2.2.0"
  resolved "https://registry.yarnpkg.com/seed-random/-/seed-random-2.2.0.tgz#2a9b19e250a817099231a5b99a4daf80b7fbed54"

simple-statistics@^2.5.0:
  version "2.5.0"
  resolved "https://registry.yarnpkg.com/simple-statistics/-/simple-statistics-2.5.0.tgz#7cd77b04288402f17fe21fd2b63c5e1a51ef3f51"

tiny-emitter@1.0.2:
  version "1.0.2"
  resolved "https://registry.yarnpkg.com/tiny-emitter/-/tiny-emitter-1.0.2.tgz#8e49470d3f55f89e247210368a6bb9fb51aa1601"

typed-function@0.10.5:
  version "0.10.5"
  resolved "https://registry.yarnpkg.com/typed-function/-/typed-function-0.10.5.tgz#2e0f18abd065219fab694a446a65c6d1981832c0"
